
Microsoft Visual Studio Solution File, Format Version 12.00
# Visual Studio Version 16
VisualStudioVersion = 16.0.30114.105
MinimumVisualStudioVersion = 10.0.40219.1
Project("{2150E333-8FDC-42A3-9474-1A3956D46DE8}") = "src", "src", "{FCFB2EC6-09B8-41B7-A311-AC64C5FAB55A}"
EndProject
Project("{FAE04EC0-301F-11D3-BF4B-00C04F79EFBC}") = "BLE", "src\BLE\BLE.csproj", "{5BF3C323-71A2-442D-A4BD-BD1B5AA6E84D}"
EndProject
Project("{2150E333-8FDC-42A3-9474-1A3956D46DE8}") = "example", "example", "{AC692BB8-0C50-47B1-850D-B6938E9A2E2A}"
EndProject
Project("{FAE04EC0-301F-11D3-BF4B-00C04F79EFBC}") = "WatchBLEAdvertisements", "example\WatchBLEAdvertisements\WatchBLEAdvertisements.csproj", "{6B93CA0D-328F-46BB-A2EC-A37F466D004A}"
EndProject
Global
	GlobalSection(SolutionConfigurationPlatforms) = preSolution
		Debug|Any CPU = Debug|Any CPU
		Debug|x64 = Debug|x64
		Debug|x86 = Debug|x86
		Release|Any CPU = Release|Any CPU
		Release|x64 = Release|x64
		Release|x86 = Release|x86
	EndGlobalSection
	GlobalSection(SolutionProperties) = preSolution
		HideSolutionNode = FALSE
	EndGlobalSection
	GlobalSection(ProjectConfigurationPlatforms) = postSolution
		{5BF3C323-71A2-442D-A4BD-BD1B5AA6E84D}.Debug|Any CPU.ActiveCfg = Debug|Any CPU
		{5BF3C323-71A2-442D-A4BD-BD1B5AA6E84D}.Debug|Any CPU.Build.0 = Debug|Any CPU
		{5BF3C323-71A2-442D-A4BD-BD1B5AA6E84D}.Debug|x64.ActiveCfg = Debug|Any CPU
		{5BF3C323-71A2-442D-A4BD-BD1B5AA6E84D}.Debug|x64.Build.0 = Debug|Any CPU
		{5BF3C323-71A2-442D-A4BD-BD1B5AA6E84D}.Debug|x86.ActiveCfg = Debug|Any CPU
		{5BF3C323-71A2-442D-A4BD-BD1B5AA6E84D}.Debug|x86.Build.0 = Debug|Any CPU
		{5BF3C323-71A2-442D-A4BD-BD1B5AA6E84D}.Release|Any CPU.ActiveCfg = Release|Any CPU
		{5BF3C323-71A2-442D-A4BD-BD1B5AA6E84D}.Release|Any CPU.Build.0 = Release|Any CPU
		{5BF3C323-71A2-442D-A4BD-BD1B5AA6E84D}.Release|x64.ActiveCfg = Release|Any CPU
		{5BF3C323-71A2-442D-A4BD-BD1B5AA6E84D}.Release|x64.Build.0 = Release|Any CPU
		{5BF3C323-71A2-442D-A4BD-BD1B5AA6E84D}.Release|x86.ActiveCfg = Release|Any CPU
		{5BF3C323-71A2-442D-A4BD-BD1B5AA6E84D}.Release|x86.Build.0 = Release|Any CPU
		{6B93CA0D-328F-46BB-A2EC-A37F466D004A}.Debug|Any CPU.ActiveCfg = Debug|Any CPU
		{6B93CA0D-328F-46BB-A2EC-A37F466D004A}.Debug|Any CPU.Build.0 = Debug|Any CPU
		{6B93CA0D-328F-46BB-A2EC-A37F466D004A}.Debug|x64.ActiveCfg = Debug|Any CPU
		{6B93CA0D-328F-46BB-A2EC-A37F466D004A}.Debug|x64.Build.0 = Debug|Any CPU
		{6B93CA0D-328F-46BB-A2EC-A37F466D004A}.Debug|x86.ActiveCfg = Debug|Any CPU
		{6B93CA0D-328F-46BB-A2EC-A37F466D004A}.Debug|x86.Build.0 = Debug|Any CPU
		{6B93CA0D-328F-46BB-A2EC-A37F466D004A}.Release|Any CPU.ActiveCfg = Release|Any CPU
		{6B93CA0D-328F-46BB-A2EC-A37F466D004A}.Release|Any CPU.Build.0 = Release|Any CPU
		{6B93CA0D-328F-46BB-A2EC-A37F466D004A}.Release|x64.ActiveCfg = Release|Any CPU
		{6B93CA0D-328F-46BB-A2EC-A37F466D004A}.Release|x64.Build.0 = Release|Any CPU
		{6B93CA0D-328F-46BB-A2EC-A37F466D004A}.Release|x86.ActiveCfg = Release|Any CPU
		{6B93CA0D-328F-46BB-A2EC-A37F466D004A}.Release|x86.Build.0 = Release|Any CPU
	EndGlobalSection
	GlobalSection(NestedProjects) = preSolution
		{5BF3C323-71A2-442D-A4BD-BD1B5AA6E84D} = {FCFB2EC6-09B8-41B7-A311-AC64C5FAB55A}
		{6B93CA0D-328F-46BB-A2EC-A37F466D004A} = {AC692BB8-0C50-47B1-850D-B6938E9A2E2A}
	EndGlobalSection
EndGlobal
