
Microsoft Visual Studio Solution File, Format Version 12.00
# Visual Studio 15
VisualStudioVersion = 15.0.26124.0
MinimumVisualStudioVersion = 15.0.26124.0
Project("{2150E333-8FDC-42A3-9474-1A3956D46DE8}") = "src", "src", "{F339027A-4003-4658-BB14-5B4858006479}"
EndProject
Project("{FAE04EC0-301F-11D3-BF4B-00C04F79EFBC}") = "HID", "src\HID\HID.csproj", "{0BA6AE91-5CBB-4DAC-8F3C-241E06452E0A}"
EndProject
Project("{FAE04EC0-301F-11D3-BF4B-00C04F79EFBC}") = "HID.Linux", "src\HID.Linux\HID.Linux.csproj", "{D56A4FD8-2DEB-4097-B59D-7B097C919344}"
EndProject
Project("{2150E333-8FDC-42A3-9474-1A3956D46DE8}") = "example", "example", "{9B28BD6E-2AAB-4C13-ADBF-CE82EF3D97C5}"
EndProject
Project("{FAE04EC0-301F-11D3-BF4B-00C04F79EFBC}") = "WatchHID", "example\WatchHID\WatchHID.csproj", "{2D231723-63FE-4F9C-AA1E-B9D7DA43F50A}"
EndProject
Global
	GlobalSection(SolutionConfigurationPlatforms) = preSolution
		Debug|Any CPU = Debug|Any CPU
		Debug|x64 = Debug|x64
		Debug|x86 = Debug|x86
		Release|Any CPU = Release|Any CPU
		Release|x64 = Release|x64
		Release|x86 = Release|x86
	EndGlobalSection
	GlobalSection(SolutionProperties) = preSolution
		HideSolutionNode = FALSE
	EndGlobalSection
	GlobalSection(ProjectConfigurationPlatforms) = postSolution
		{0BA6AE91-5CBB-4DAC-8F3C-241E06452E0A}.Debug|Any CPU.ActiveCfg = Debug|Any CPU
		{0BA6AE91-5CBB-4DAC-8F3C-241E06452E0A}.Debug|Any CPU.Build.0 = Debug|Any CPU
		{0BA6AE91-5CBB-4DAC-8F3C-241E06452E0A}.Debug|x64.ActiveCfg = Debug|Any CPU
		{0BA6AE91-5CBB-4DAC-8F3C-241E06452E0A}.Debug|x64.Build.0 = Debug|Any CPU
		{0BA6AE91-5CBB-4DAC-8F3C-241E06452E0A}.Debug|x86.ActiveCfg = Debug|Any CPU
		{0BA6AE91-5CBB-4DAC-8F3C-241E06452E0A}.Debug|x86.Build.0 = Debug|Any CPU
		{0BA6AE91-5CBB-4DAC-8F3C-241E06452E0A}.Release|Any CPU.ActiveCfg = Release|Any CPU
		{0BA6AE91-5CBB-4DAC-8F3C-241E06452E0A}.Release|Any CPU.Build.0 = Release|Any CPU
		{0BA6AE91-5CBB-4DAC-8F3C-241E06452E0A}.Release|x64.ActiveCfg = Release|Any CPU
		{0BA6AE91-5CBB-4DAC-8F3C-241E06452E0A}.Release|x64.Build.0 = Release|Any CPU
		{0BA6AE91-5CBB-4DAC-8F3C-241E06452E0A}.Release|x86.ActiveCfg = Release|Any CPU
		{0BA6AE91-5CBB-4DAC-8F3C-241E06452E0A}.Release|x86.Build.0 = Release|Any CPU
		{D56A4FD8-2DEB-4097-B59D-7B097C919344}.Debug|Any CPU.ActiveCfg = Debug|Any CPU
		{D56A4FD8-2DEB-4097-B59D-7B097C919344}.Debug|Any CPU.Build.0 = Debug|Any CPU
		{D56A4FD8-2DEB-4097-B59D-7B097C919344}.Debug|x64.ActiveCfg = Debug|Any CPU
		{D56A4FD8-2DEB-4097-B59D-7B097C919344}.Debug|x64.Build.0 = Debug|Any CPU
		{D56A4FD8-2DEB-4097-B59D-7B097C919344}.Debug|x86.ActiveCfg = Debug|Any CPU
		{D56A4FD8-2DEB-4097-B59D-7B097C919344}.Debug|x86.Build.0 = Debug|Any CPU
		{D56A4FD8-2DEB-4097-B59D-7B097C919344}.Release|Any CPU.ActiveCfg = Release|Any CPU
		{D56A4FD8-2DEB-4097-B59D-7B097C919344}.Release|Any CPU.Build.0 = Release|Any CPU
		{D56A4FD8-2DEB-4097-B59D-7B097C919344}.Release|x64.ActiveCfg = Release|Any CPU
		{D56A4FD8-2DEB-4097-B59D-7B097C919344}.Release|x64.Build.0 = Release|Any CPU
		{D56A4FD8-2DEB-4097-B59D-7B097C919344}.Release|x86.ActiveCfg = Release|Any CPU
		{D56A4FD8-2DEB-4097-B59D-7B097C919344}.Release|x86.Build.0 = Release|Any CPU
		{2D231723-63FE-4F9C-AA1E-B9D7DA43F50A}.Debug|Any CPU.ActiveCfg = Debug|Any CPU
		{2D231723-63FE-4F9C-AA1E-B9D7DA43F50A}.Debug|Any CPU.Build.0 = Debug|Any CPU
		{2D231723-63FE-4F9C-AA1E-B9D7DA43F50A}.Debug|x64.ActiveCfg = Debug|Any CPU
		{2D231723-63FE-4F9C-AA1E-B9D7DA43F50A}.Debug|x64.Build.0 = Debug|Any CPU
		{2D231723-63FE-4F9C-AA1E-B9D7DA43F50A}.Debug|x86.ActiveCfg = Debug|Any CPU
		{2D231723-63FE-4F9C-AA1E-B9D7DA43F50A}.Debug|x86.Build.0 = Debug|Any CPU
		{2D231723-63FE-4F9C-AA1E-B9D7DA43F50A}.Release|Any CPU.ActiveCfg = Release|Any CPU
		{2D231723-63FE-4F9C-AA1E-B9D7DA43F50A}.Release|Any CPU.Build.0 = Release|Any CPU
		{2D231723-63FE-4F9C-AA1E-B9D7DA43F50A}.Release|x64.ActiveCfg = Release|Any CPU
		{2D231723-63FE-4F9C-AA1E-B9D7DA43F50A}.Release|x64.Build.0 = Release|Any CPU
		{2D231723-63FE-4F9C-AA1E-B9D7DA43F50A}.Release|x86.ActiveCfg = Release|Any CPU
		{2D231723-63FE-4F9C-AA1E-B9D7DA43F50A}.Release|x86.Build.0 = Release|Any CPU
	EndGlobalSection
	GlobalSection(NestedProjects) = preSolution
		{0BA6AE91-5CBB-4DAC-8F3C-241E06452E0A} = {F339027A-4003-4658-BB14-5B4858006479}
		{D56A4FD8-2DEB-4097-B59D-7B097C919344} = {F339027A-4003-4658-BB14-5B4858006479}
		{2D231723-63FE-4F9C-AA1E-B9D7DA43F50A} = {9B28BD6E-2AAB-4C13-ADBF-CE82EF3D97C5}
	EndGlobalSection
EndGlobal
