
Microsoft Visual Studio Solution File, Format Version 12.00
# Visual Studio 15
VisualStudioVersion = 15.0.26124.0
MinimumVisualStudioVersion = 15.0.26124.0
Project("{2150E333-8FDC-42A3-9474-1A3956D46DE8}") = "src", "src", "{F339027A-4003-4658-BB14-5B4858006479}"
EndProject
Project("{9A19103F-16F7-4668-BE54-9A1E7A4F7556}") = "HID", "src\HID\HID.csproj", "{0BA6AE91-5CBB-4DAC-8F3C-241E06452E0A}"
EndProject
Project("{9A19103F-16F7-4668-BE54-9A1E7A4F7556}") = "HID.Linux", "src\HID.Linux\HID.Linux.csproj", "{D56A4FD8-2DEB-4097-B59D-7B097C919344}"
EndProject
Project("{2150E333-8FDC-42A3-9474-1A3956D46DE8}") = "example", "example", "{9B28BD6E-2AAB-4C13-ADBF-CE82EF3D97C5}"
EndProject
Project("{9A19103F-16F7-4668-BE54-9A1E7A4F7556}") = "WatchHID", "example\WatchHID\WatchHID.csproj", "{2D231723-63FE-4F9C-AA1E-B9D7DA43F50A}"
EndProject
Project("{2150E333-8FDC-42A3-9474-1A3956D46DE8}") = "test", "test", "{A7042125-F325-49EF-BE8C-E871DBC8A40A}"
EndProject
Project("{9A19103F-16F7-4668-BE54-9A1E7A4F7556}") = "HIDTests", "test\HIDTests\HIDTests.csproj", "{6C19163A-90B1-435C-ABE6-8765DB74292C}"
EndProject
Project("{9A19103F-16F7-4668-BE54-9A1E7A4F7556}") = "Usb", "src\Usb\Usb.csproj", "{A2DAE264-672B-4C9B-9822-F3A6D65E2390}"
EndProject
Project("{FAE04EC0-301F-11D3-BF4B-00C04F79EFBC}") = "Usb.Uwp", "src\Usb.Uwp\Usb.Uwp.csproj", "{060CA0E1-00F2-43F3-8863-B1B91F3B7B07}"
EndProject
Project("{FAE04EC0-301F-11D3-BF4B-00C04F79EFBC}") = "HID.UWP", "src\HID.UWP\HID.UWP.csproj", "{E9287036-42E2-448A-8984-D1279EDF8010}"
EndProject
Project("{FAE04EC0-301F-11D3-BF4B-00C04F79EFBC}") = "Serial.Uwp", "src\Serial.Uwp\Serial.Uwp.csproj", "{07588271-1657-48D6-B1B3-48D57B84712F}"
EndProject
Project("{9A19103F-16F7-4668-BE54-9A1E7A4F7556}") = "Serial", "src\Serial\Serial.csproj", "{789335E3-78BB-441E-AD3A-B559E967CE71}"
EndProject
Project("{FAE04EC0-301F-11D3-BF4B-00C04F79EFBC}") = "Serial.Uwp.Tests", "test\Serial.Uwp.Tests\Serial.Uwp.Tests.csproj", "{82979E0C-CDFE-4F18-8728-1711DDEA0F21}"
EndProject
Project("{FAE04EC0-301F-11D3-BF4B-00C04F79EFBC}") = "BluetoothLE.UWP", "src\BluetoothLE\BluetoothLE.UWP.csproj", "{433F9276-EC82-4E58-A4A3-F1920296FA0E}"
EndProject
Project("{FAE04EC0-301F-11D3-BF4B-00C04F79EFBC}") = "WatchBluetooth.UWP", "example\WatchBluetooth\WatchBluetooth.UWP.csproj", "{82D62CE7-235C-492F-A06E-4CC272CB62E7}"
EndProject
Project("{FAE04EC0-301F-11D3-BF4B-00C04F79EFBC}") = "Bluetooth", "src\Bluetooth\Bluetooth.csproj", "{8590D9A8-6DBB-43E3-801F-51343AD87C3C}"
EndProject
Global
	GlobalSection(SolutionConfigurationPlatforms) = preSolution
		Debug|Any CPU = Debug|Any CPU
		Debug|ARM = Debug|ARM
		Debug|x64 = Debug|x64
		Debug|x86 = Debug|x86
		Release|Any CPU = Release|Any CPU
		Release|ARM = Release|ARM
		Release|x64 = Release|x64
		Release|x86 = Release|x86
	EndGlobalSection
	GlobalSection(ProjectConfigurationPlatforms) = postSolution
		{0BA6AE91-5CBB-4DAC-8F3C-241E06452E0A}.Debug|Any CPU.ActiveCfg = Debug|Any CPU
		{0BA6AE91-5CBB-4DAC-8F3C-241E06452E0A}.Debug|Any CPU.Build.0 = Debug|Any CPU
		{0BA6AE91-5CBB-4DAC-8F3C-241E06452E0A}.Debug|ARM.ActiveCfg = Debug|Any CPU
		{0BA6AE91-5CBB-4DAC-8F3C-241E06452E0A}.Debug|ARM.Build.0 = Debug|Any CPU
		{0BA6AE91-5CBB-4DAC-8F3C-241E06452E0A}.Debug|x64.ActiveCfg = Debug|Any CPU
		{0BA6AE91-5CBB-4DAC-8F3C-241E06452E0A}.Debug|x64.Build.0 = Debug|Any CPU
		{0BA6AE91-5CBB-4DAC-8F3C-241E06452E0A}.Debug|x86.ActiveCfg = Debug|Any CPU
		{0BA6AE91-5CBB-4DAC-8F3C-241E06452E0A}.Debug|x86.Build.0 = Debug|Any CPU
		{0BA6AE91-5CBB-4DAC-8F3C-241E06452E0A}.Release|Any CPU.ActiveCfg = Release|Any CPU
		{0BA6AE91-5CBB-4DAC-8F3C-241E06452E0A}.Release|Any CPU.Build.0 = Release|Any CPU
		{0BA6AE91-5CBB-4DAC-8F3C-241E06452E0A}.Release|ARM.ActiveCfg = Release|Any CPU
		{0BA6AE91-5CBB-4DAC-8F3C-241E06452E0A}.Release|ARM.Build.0 = Release|Any CPU
		{0BA6AE91-5CBB-4DAC-8F3C-241E06452E0A}.Release|x64.ActiveCfg = Release|Any CPU
		{0BA6AE91-5CBB-4DAC-8F3C-241E06452E0A}.Release|x64.Build.0 = Release|Any CPU
		{0BA6AE91-5CBB-4DAC-8F3C-241E06452E0A}.Release|x86.ActiveCfg = Release|Any CPU
		{0BA6AE91-5CBB-4DAC-8F3C-241E06452E0A}.Release|x86.Build.0 = Release|Any CPU
		{D56A4FD8-2DEB-4097-B59D-7B097C919344}.Debug|Any CPU.ActiveCfg = Debug|Any CPU
		{D56A4FD8-2DEB-4097-B59D-7B097C919344}.Debug|Any CPU.Build.0 = Debug|Any CPU
		{D56A4FD8-2DEB-4097-B59D-7B097C919344}.Debug|ARM.ActiveCfg = Debug|Any CPU
		{D56A4FD8-2DEB-4097-B59D-7B097C919344}.Debug|ARM.Build.0 = Debug|Any CPU
		{D56A4FD8-2DEB-4097-B59D-7B097C919344}.Debug|x64.ActiveCfg = Debug|Any CPU
		{D56A4FD8-2DEB-4097-B59D-7B097C919344}.Debug|x64.Build.0 = Debug|Any CPU
		{D56A4FD8-2DEB-4097-B59D-7B097C919344}.Debug|x86.ActiveCfg = Debug|Any CPU
		{D56A4FD8-2DEB-4097-B59D-7B097C919344}.Debug|x86.Build.0 = Debug|Any CPU
		{D56A4FD8-2DEB-4097-B59D-7B097C919344}.Release|Any CPU.ActiveCfg = Release|Any CPU
		{D56A4FD8-2DEB-4097-B59D-7B097C919344}.Release|Any CPU.Build.0 = Release|Any CPU
		{D56A4FD8-2DEB-4097-B59D-7B097C919344}.Release|ARM.ActiveCfg = Release|Any CPU
		{D56A4FD8-2DEB-4097-B59D-7B097C919344}.Release|ARM.Build.0 = Release|Any CPU
		{D56A4FD8-2DEB-4097-B59D-7B097C919344}.Release|x64.ActiveCfg = Release|Any CPU
		{D56A4FD8-2DEB-4097-B59D-7B097C919344}.Release|x64.Build.0 = Release|Any CPU
		{D56A4FD8-2DEB-4097-B59D-7B097C919344}.Release|x86.ActiveCfg = Release|Any CPU
		{D56A4FD8-2DEB-4097-B59D-7B097C919344}.Release|x86.Build.0 = Release|Any CPU
		{2D231723-63FE-4F9C-AA1E-B9D7DA43F50A}.Debug|Any CPU.ActiveCfg = Debug|Any CPU
		{2D231723-63FE-4F9C-AA1E-B9D7DA43F50A}.Debug|Any CPU.Build.0 = Debug|Any CPU
		{2D231723-63FE-4F9C-AA1E-B9D7DA43F50A}.Debug|ARM.ActiveCfg = Debug|Any CPU
		{2D231723-63FE-4F9C-AA1E-B9D7DA43F50A}.Debug|ARM.Build.0 = Debug|Any CPU
		{2D231723-63FE-4F9C-AA1E-B9D7DA43F50A}.Debug|x64.ActiveCfg = Debug|Any CPU
		{2D231723-63FE-4F9C-AA1E-B9D7DA43F50A}.Debug|x64.Build.0 = Debug|Any CPU
		{2D231723-63FE-4F9C-AA1E-B9D7DA43F50A}.Debug|x86.ActiveCfg = Debug|Any CPU
		{2D231723-63FE-4F9C-AA1E-B9D7DA43F50A}.Debug|x86.Build.0 = Debug|Any CPU
		{2D231723-63FE-4F9C-AA1E-B9D7DA43F50A}.Release|Any CPU.ActiveCfg = Release|Any CPU
		{2D231723-63FE-4F9C-AA1E-B9D7DA43F50A}.Release|Any CPU.Build.0 = Release|Any CPU
		{2D231723-63FE-4F9C-AA1E-B9D7DA43F50A}.Release|ARM.ActiveCfg = Release|Any CPU
		{2D231723-63FE-4F9C-AA1E-B9D7DA43F50A}.Release|ARM.Build.0 = Release|Any CPU
		{2D231723-63FE-4F9C-AA1E-B9D7DA43F50A}.Release|x64.ActiveCfg = Release|Any CPU
		{2D231723-63FE-4F9C-AA1E-B9D7DA43F50A}.Release|x64.Build.0 = Release|Any CPU
		{2D231723-63FE-4F9C-AA1E-B9D7DA43F50A}.Release|x86.ActiveCfg = Release|Any CPU
		{2D231723-63FE-4F9C-AA1E-B9D7DA43F50A}.Release|x86.Build.0 = Release|Any CPU
		{6C19163A-90B1-435C-ABE6-8765DB74292C}.Debug|Any CPU.ActiveCfg = Debug|Any CPU
		{6C19163A-90B1-435C-ABE6-8765DB74292C}.Debug|Any CPU.Build.0 = Debug|Any CPU
		{6C19163A-90B1-435C-ABE6-8765DB74292C}.Debug|ARM.ActiveCfg = Debug|Any CPU
		{6C19163A-90B1-435C-ABE6-8765DB74292C}.Debug|ARM.Build.0 = Debug|Any CPU
		{6C19163A-90B1-435C-ABE6-8765DB74292C}.Debug|x64.ActiveCfg = Debug|Any CPU
		{6C19163A-90B1-435C-ABE6-8765DB74292C}.Debug|x64.Build.0 = Debug|Any CPU
		{6C19163A-90B1-435C-ABE6-8765DB74292C}.Debug|x86.ActiveCfg = Debug|Any CPU
		{6C19163A-90B1-435C-ABE6-8765DB74292C}.Debug|x86.Build.0 = Debug|Any CPU
		{6C19163A-90B1-435C-ABE6-8765DB74292C}.Release|Any CPU.ActiveCfg = Release|Any CPU
		{6C19163A-90B1-435C-ABE6-8765DB74292C}.Release|Any CPU.Build.0 = Release|Any CPU
		{6C19163A-90B1-435C-ABE6-8765DB74292C}.Release|ARM.ActiveCfg = Release|Any CPU
		{6C19163A-90B1-435C-ABE6-8765DB74292C}.Release|ARM.Build.0 = Release|Any CPU
		{6C19163A-90B1-435C-ABE6-8765DB74292C}.Release|x64.ActiveCfg = Release|Any CPU
		{6C19163A-90B1-435C-ABE6-8765DB74292C}.Release|x64.Build.0 = Release|Any CPU
		{6C19163A-90B1-435C-ABE6-8765DB74292C}.Release|x86.ActiveCfg = Release|Any CPU
		{6C19163A-90B1-435C-ABE6-8765DB74292C}.Release|x86.Build.0 = Release|Any CPU
		{A2DAE264-672B-4C9B-9822-F3A6D65E2390}.Debug|Any CPU.ActiveCfg = Debug|Any CPU
		{A2DAE264-672B-4C9B-9822-F3A6D65E2390}.Debug|Any CPU.Build.0 = Debug|Any CPU
		{A2DAE264-672B-4C9B-9822-F3A6D65E2390}.Debug|ARM.ActiveCfg = Debug|Any CPU
		{A2DAE264-672B-4C9B-9822-F3A6D65E2390}.Debug|ARM.Build.0 = Debug|Any CPU
		{A2DAE264-672B-4C9B-9822-F3A6D65E2390}.Debug|x64.ActiveCfg = Debug|Any CPU
		{A2DAE264-672B-4C9B-9822-F3A6D65E2390}.Debug|x64.Build.0 = Debug|Any CPU
		{A2DAE264-672B-4C9B-9822-F3A6D65E2390}.Debug|x86.ActiveCfg = Debug|Any CPU
		{A2DAE264-672B-4C9B-9822-F3A6D65E2390}.Debug|x86.Build.0 = Debug|Any CPU
		{A2DAE264-672B-4C9B-9822-F3A6D65E2390}.Release|Any CPU.ActiveCfg = Release|Any CPU
		{A2DAE264-672B-4C9B-9822-F3A6D65E2390}.Release|Any CPU.Build.0 = Release|Any CPU
		{A2DAE264-672B-4C9B-9822-F3A6D65E2390}.Release|ARM.ActiveCfg = Release|Any CPU
		{A2DAE264-672B-4C9B-9822-F3A6D65E2390}.Release|ARM.Build.0 = Release|Any CPU
		{A2DAE264-672B-4C9B-9822-F3A6D65E2390}.Release|x64.ActiveCfg = Release|Any CPU
		{A2DAE264-672B-4C9B-9822-F3A6D65E2390}.Release|x64.Build.0 = Release|Any CPU
		{A2DAE264-672B-4C9B-9822-F3A6D65E2390}.Release|x86.ActiveCfg = Release|Any CPU
		{A2DAE264-672B-4C9B-9822-F3A6D65E2390}.Release|x86.Build.0 = Release|Any CPU
		{060CA0E1-00F2-43F3-8863-B1B91F3B7B07}.Debug|Any CPU.ActiveCfg = Debug|Any CPU
		{060CA0E1-00F2-43F3-8863-B1B91F3B7B07}.Debug|Any CPU.Build.0 = Debug|Any CPU
		{060CA0E1-00F2-43F3-8863-B1B91F3B7B07}.Debug|ARM.ActiveCfg = Debug|ARM
		{060CA0E1-00F2-43F3-8863-B1B91F3B7B07}.Debug|ARM.Build.0 = Debug|ARM
		{060CA0E1-00F2-43F3-8863-B1B91F3B7B07}.Debug|x64.ActiveCfg = Debug|x64
		{060CA0E1-00F2-43F3-8863-B1B91F3B7B07}.Debug|x64.Build.0 = Debug|x64
		{060CA0E1-00F2-43F3-8863-B1B91F3B7B07}.Debug|x86.ActiveCfg = Debug|x86
		{060CA0E1-00F2-43F3-8863-B1B91F3B7B07}.Debug|x86.Build.0 = Debug|x86
		{060CA0E1-00F2-43F3-8863-B1B91F3B7B07}.Release|Any CPU.ActiveCfg = Release|Any CPU
		{060CA0E1-00F2-43F3-8863-B1B91F3B7B07}.Release|Any CPU.Build.0 = Release|Any CPU
		{060CA0E1-00F2-43F3-8863-B1B91F3B7B07}.Release|ARM.ActiveCfg = Release|ARM
		{060CA0E1-00F2-43F3-8863-B1B91F3B7B07}.Release|ARM.Build.0 = Release|ARM
		{060CA0E1-00F2-43F3-8863-B1B91F3B7B07}.Release|x64.ActiveCfg = Release|x64
		{060CA0E1-00F2-43F3-8863-B1B91F3B7B07}.Release|x64.Build.0 = Release|x64
		{060CA0E1-00F2-43F3-8863-B1B91F3B7B07}.Release|x86.ActiveCfg = Release|x86
		{060CA0E1-00F2-43F3-8863-B1B91F3B7B07}.Release|x86.Build.0 = Release|x86
		{E9287036-42E2-448A-8984-D1279EDF8010}.Debug|Any CPU.ActiveCfg = Debug|Any CPU
		{E9287036-42E2-448A-8984-D1279EDF8010}.Debug|Any CPU.Build.0 = Debug|Any CPU
		{E9287036-42E2-448A-8984-D1279EDF8010}.Debug|ARM.ActiveCfg = Debug|ARM
		{E9287036-42E2-448A-8984-D1279EDF8010}.Debug|ARM.Build.0 = Debug|ARM
		{E9287036-42E2-448A-8984-D1279EDF8010}.Debug|x64.ActiveCfg = Debug|x64
		{E9287036-42E2-448A-8984-D1279EDF8010}.Debug|x64.Build.0 = Debug|x64
		{E9287036-42E2-448A-8984-D1279EDF8010}.Debug|x86.ActiveCfg = Debug|x86
		{E9287036-42E2-448A-8984-D1279EDF8010}.Debug|x86.Build.0 = Debug|x86
		{E9287036-42E2-448A-8984-D1279EDF8010}.Release|Any CPU.ActiveCfg = Release|Any CPU
		{E9287036-42E2-448A-8984-D1279EDF8010}.Release|Any CPU.Build.0 = Release|Any CPU
		{E9287036-42E2-448A-8984-D1279EDF8010}.Release|ARM.ActiveCfg = Release|ARM
		{E9287036-42E2-448A-8984-D1279EDF8010}.Release|ARM.Build.0 = Release|ARM
		{E9287036-42E2-448A-8984-D1279EDF8010}.Release|x64.ActiveCfg = Release|x64
		{E9287036-42E2-448A-8984-D1279EDF8010}.Release|x64.Build.0 = Release|x64
		{E9287036-42E2-448A-8984-D1279EDF8010}.Release|x86.ActiveCfg = Release|x86
		{E9287036-42E2-448A-8984-D1279EDF8010}.Release|x86.Build.0 = Release|x86
		{07588271-1657-48D6-B1B3-48D57B84712F}.Debug|Any CPU.ActiveCfg = Debug|Any CPU
		{07588271-1657-48D6-B1B3-48D57B84712F}.Debug|Any CPU.Build.0 = Debug|Any CPU
		{07588271-1657-48D6-B1B3-48D57B84712F}.Debug|ARM.ActiveCfg = Debug|ARM
		{07588271-1657-48D6-B1B3-48D57B84712F}.Debug|ARM.Build.0 = Debug|ARM
		{07588271-1657-48D6-B1B3-48D57B84712F}.Debug|x64.ActiveCfg = Debug|x64
		{07588271-1657-48D6-B1B3-48D57B84712F}.Debug|x64.Build.0 = Debug|x64
		{07588271-1657-48D6-B1B3-48D57B84712F}.Debug|x86.ActiveCfg = Debug|x86
		{07588271-1657-48D6-B1B3-48D57B84712F}.Debug|x86.Build.0 = Debug|x86
		{07588271-1657-48D6-B1B3-48D57B84712F}.Release|Any CPU.ActiveCfg = Release|Any CPU
		{07588271-1657-48D6-B1B3-48D57B84712F}.Release|Any CPU.Build.0 = Release|Any CPU
		{07588271-1657-48D6-B1B3-48D57B84712F}.Release|ARM.ActiveCfg = Release|ARM
		{07588271-1657-48D6-B1B3-48D57B84712F}.Release|ARM.Build.0 = Release|ARM
		{07588271-1657-48D6-B1B3-48D57B84712F}.Release|x64.ActiveCfg = Release|x64
		{07588271-1657-48D6-B1B3-48D57B84712F}.Release|x64.Build.0 = Release|x64
		{07588271-1657-48D6-B1B3-48D57B84712F}.Release|x86.ActiveCfg = Release|x86
		{07588271-1657-48D6-B1B3-48D57B84712F}.Release|x86.Build.0 = Release|x86
		{789335E3-78BB-441E-AD3A-B559E967CE71}.Debug|Any CPU.ActiveCfg = Debug|Any CPU
		{789335E3-78BB-441E-AD3A-B559E967CE71}.Debug|Any CPU.Build.0 = Debug|Any CPU
		{789335E3-78BB-441E-AD3A-B559E967CE71}.Debug|ARM.ActiveCfg = Debug|Any CPU
		{789335E3-78BB-441E-AD3A-B559E967CE71}.Debug|ARM.Build.0 = Debug|Any CPU
		{789335E3-78BB-441E-AD3A-B559E967CE71}.Debug|x64.ActiveCfg = Debug|Any CPU
		{789335E3-78BB-441E-AD3A-B559E967CE71}.Debug|x64.Build.0 = Debug|Any CPU
		{789335E3-78BB-441E-AD3A-B559E967CE71}.Debug|x86.ActiveCfg = Debug|Any CPU
		{789335E3-78BB-441E-AD3A-B559E967CE71}.Debug|x86.Build.0 = Debug|Any CPU
		{789335E3-78BB-441E-AD3A-B559E967CE71}.Release|Any CPU.ActiveCfg = Release|Any CPU
		{789335E3-78BB-441E-AD3A-B559E967CE71}.Release|Any CPU.Build.0 = Release|Any CPU
		{789335E3-78BB-441E-AD3A-B559E967CE71}.Release|ARM.ActiveCfg = Release|Any CPU
		{789335E3-78BB-441E-AD3A-B559E967CE71}.Release|ARM.Build.0 = Release|Any CPU
		{789335E3-78BB-441E-AD3A-B559E967CE71}.Release|x64.ActiveCfg = Release|Any CPU
		{789335E3-78BB-441E-AD3A-B559E967CE71}.Release|x64.Build.0 = Release|Any CPU
		{789335E3-78BB-441E-AD3A-B559E967CE71}.Release|x86.ActiveCfg = Release|Any CPU
		{789335E3-78BB-441E-AD3A-B559E967CE71}.Release|x86.Build.0 = Release|Any CPU
		{82979E0C-CDFE-4F18-8728-1711DDEA0F21}.Debug|Any CPU.ActiveCfg = Debug|x86
		{82979E0C-CDFE-4F18-8728-1711DDEA0F21}.Debug|ARM.ActiveCfg = Debug|ARM
		{82979E0C-CDFE-4F18-8728-1711DDEA0F21}.Debug|ARM.Build.0 = Debug|ARM
		{82979E0C-CDFE-4F18-8728-1711DDEA0F21}.Debug|ARM.Deploy.0 = Debug|ARM
		{82979E0C-CDFE-4F18-8728-1711DDEA0F21}.Debug|x64.ActiveCfg = Debug|x64
		{82979E0C-CDFE-4F18-8728-1711DDEA0F21}.Debug|x64.Build.0 = Debug|x64
		{82979E0C-CDFE-4F18-8728-1711DDEA0F21}.Debug|x64.Deploy.0 = Debug|x64
		{82979E0C-CDFE-4F18-8728-1711DDEA0F21}.Debug|x86.ActiveCfg = Debug|x86
		{82979E0C-CDFE-4F18-8728-1711DDEA0F21}.Debug|x86.Build.0 = Debug|x86
		{82979E0C-CDFE-4F18-8728-1711DDEA0F21}.Debug|x86.Deploy.0 = Debug|x86
		{82979E0C-CDFE-4F18-8728-1711DDEA0F21}.Release|Any CPU.ActiveCfg = Release|x86
		{82979E0C-CDFE-4F18-8728-1711DDEA0F21}.Release|ARM.ActiveCfg = Release|ARM
		{82979E0C-CDFE-4F18-8728-1711DDEA0F21}.Release|ARM.Build.0 = Release|ARM
		{82979E0C-CDFE-4F18-8728-1711DDEA0F21}.Release|ARM.Deploy.0 = Release|ARM
		{82979E0C-CDFE-4F18-8728-1711DDEA0F21}.Release|x64.ActiveCfg = Release|x64
		{82979E0C-CDFE-4F18-8728-1711DDEA0F21}.Release|x64.Build.0 = Release|x64
		{82979E0C-CDFE-4F18-8728-1711DDEA0F21}.Release|x64.Deploy.0 = Release|x64
		{82979E0C-CDFE-4F18-8728-1711DDEA0F21}.Release|x86.ActiveCfg = Release|x86
		{82979E0C-CDFE-4F18-8728-1711DDEA0F21}.Release|x86.Build.0 = Release|x86
		{82979E0C-CDFE-4F18-8728-1711DDEA0F21}.Release|x86.Deploy.0 = Release|x86
		{433F9276-EC82-4E58-A4A3-F1920296FA0E}.Debug|Any CPU.ActiveCfg = Debug|Any CPU
		{433F9276-EC82-4E58-A4A3-F1920296FA0E}.Debug|Any CPU.Build.0 = Debug|Any CPU
		{433F9276-EC82-4E58-A4A3-F1920296FA0E}.Debug|ARM.ActiveCfg = Debug|ARM
		{433F9276-EC82-4E58-A4A3-F1920296FA0E}.Debug|ARM.Build.0 = Debug|ARM
		{433F9276-EC82-4E58-A4A3-F1920296FA0E}.Debug|x64.ActiveCfg = Debug|x64
		{433F9276-EC82-4E58-A4A3-F1920296FA0E}.Debug|x64.Build.0 = Debug|x64
		{433F9276-EC82-4E58-A4A3-F1920296FA0E}.Debug|x86.ActiveCfg = Debug|x86
		{433F9276-EC82-4E58-A4A3-F1920296FA0E}.Debug|x86.Build.0 = Debug|x86
		{433F9276-EC82-4E58-A4A3-F1920296FA0E}.Release|Any CPU.ActiveCfg = Release|Any CPU
		{433F9276-EC82-4E58-A4A3-F1920296FA0E}.Release|Any CPU.Build.0 = Release|Any CPU
		{433F9276-EC82-4E58-A4A3-F1920296FA0E}.Release|ARM.ActiveCfg = Release|ARM
		{433F9276-EC82-4E58-A4A3-F1920296FA0E}.Release|ARM.Build.0 = Release|ARM
		{433F9276-EC82-4E58-A4A3-F1920296FA0E}.Release|x64.ActiveCfg = Release|x64
		{433F9276-EC82-4E58-A4A3-F1920296FA0E}.Release|x64.Build.0 = Release|x64
		{433F9276-EC82-4E58-A4A3-F1920296FA0E}.Release|x86.ActiveCfg = Release|x86
		{433F9276-EC82-4E58-A4A3-F1920296FA0E}.Release|x86.Build.0 = Release|x86
		{82D62CE7-235C-492F-A06E-4CC272CB62E7}.Debug|Any CPU.ActiveCfg = Debug|x86
		{82D62CE7-235C-492F-A06E-4CC272CB62E7}.Debug|Any CPU.Build.0 = Debug|x86
		{82D62CE7-235C-492F-A06E-4CC272CB62E7}.Debug|Any CPU.Deploy.0 = Debug|x86
		{82D62CE7-235C-492F-A06E-4CC272CB62E7}.Debug|ARM.ActiveCfg = Debug|ARM
		{82D62CE7-235C-492F-A06E-4CC272CB62E7}.Debug|ARM.Build.0 = Debug|ARM
		{82D62CE7-235C-492F-A06E-4CC272CB62E7}.Debug|ARM.Deploy.0 = Debug|ARM
		{82D62CE7-235C-492F-A06E-4CC272CB62E7}.Debug|x64.ActiveCfg = Debug|x64
		{82D62CE7-235C-492F-A06E-4CC272CB62E7}.Debug|x64.Build.0 = Debug|x64
		{82D62CE7-235C-492F-A06E-4CC272CB62E7}.Debug|x64.Deploy.0 = Debug|x64
		{82D62CE7-235C-492F-A06E-4CC272CB62E7}.Debug|x86.ActiveCfg = Debug|x86
		{82D62CE7-235C-492F-A06E-4CC272CB62E7}.Debug|x86.Build.0 = Debug|x86
		{82D62CE7-235C-492F-A06E-4CC272CB62E7}.Debug|x86.Deploy.0 = Debug|x86
		{82D62CE7-235C-492F-A06E-4CC272CB62E7}.Release|Any CPU.ActiveCfg = Release|x86
		{82D62CE7-235C-492F-A06E-4CC272CB62E7}.Release|ARM.ActiveCfg = Release|ARM
		{82D62CE7-235C-492F-A06E-4CC272CB62E7}.Release|ARM.Build.0 = Release|ARM
		{82D62CE7-235C-492F-A06E-4CC272CB62E7}.Release|ARM.Deploy.0 = Release|ARM
		{82D62CE7-235C-492F-A06E-4CC272CB62E7}.Release|x64.ActiveCfg = Release|x64
		{82D62CE7-235C-492F-A06E-4CC272CB62E7}.Release|x64.Build.0 = Release|x64
		{82D62CE7-235C-492F-A06E-4CC272CB62E7}.Release|x64.Deploy.0 = Release|x64
		{82D62CE7-235C-492F-A06E-4CC272CB62E7}.Release|x86.ActiveCfg = Release|x86
		{82D62CE7-235C-492F-A06E-4CC272CB62E7}.Release|x86.Build.0 = Release|x86
		{82D62CE7-235C-492F-A06E-4CC272CB62E7}.Release|x86.Deploy.0 = Release|x86
		{8590D9A8-6DBB-43E3-801F-51343AD87C3C}.Debug|Any CPU.ActiveCfg = Debug|Any CPU
		{8590D9A8-6DBB-43E3-801F-51343AD87C3C}.Debug|Any CPU.Build.0 = Debug|Any CPU
		{8590D9A8-6DBB-43E3-801F-51343AD87C3C}.Debug|ARM.ActiveCfg = Debug|Any CPU
		{8590D9A8-6DBB-43E3-801F-51343AD87C3C}.Debug|ARM.Build.0 = Debug|Any CPU
		{8590D9A8-6DBB-43E3-801F-51343AD87C3C}.Debug|x64.ActiveCfg = Debug|Any CPU
		{8590D9A8-6DBB-43E3-801F-51343AD87C3C}.Debug|x64.Build.0 = Debug|Any CPU
		{8590D9A8-6DBB-43E3-801F-51343AD87C3C}.Debug|x86.ActiveCfg = Debug|Any CPU
		{8590D9A8-6DBB-43E3-801F-51343AD87C3C}.Debug|x86.Build.0 = Debug|Any CPU
		{8590D9A8-6DBB-43E3-801F-51343AD87C3C}.Release|Any CPU.ActiveCfg = Release|Any CPU
		{8590D9A8-6DBB-43E3-801F-51343AD87C3C}.Release|Any CPU.Build.0 = Release|Any CPU
		{8590D9A8-6DBB-43E3-801F-51343AD87C3C}.Release|ARM.ActiveCfg = Release|Any CPU
		{8590D9A8-6DBB-43E3-801F-51343AD87C3C}.Release|ARM.Build.0 = Release|Any CPU
		{8590D9A8-6DBB-43E3-801F-51343AD87C3C}.Release|x64.ActiveCfg = Release|Any CPU
		{8590D9A8-6DBB-43E3-801F-51343AD87C3C}.Release|x64.Build.0 = Release|Any CPU
		{8590D9A8-6DBB-43E3-801F-51343AD87C3C}.Release|x86.ActiveCfg = Release|Any CPU
		{8590D9A8-6DBB-43E3-801F-51343AD87C3C}.Release|x86.Build.0 = Release|Any CPU
	EndGlobalSection
	GlobalSection(SolutionProperties) = preSolution
		HideSolutionNode = FALSE
	EndGlobalSection
	GlobalSection(NestedProjects) = preSolution
		{0BA6AE91-5CBB-4DAC-8F3C-241E06452E0A} = {F339027A-4003-4658-BB14-5B4858006479}
		{D56A4FD8-2DEB-4097-B59D-7B097C919344} = {F339027A-4003-4658-BB14-5B4858006479}
		{2D231723-63FE-4F9C-AA1E-B9D7DA43F50A} = {9B28BD6E-2AAB-4C13-ADBF-CE82EF3D97C5}
		{6C19163A-90B1-435C-ABE6-8765DB74292C} = {A7042125-F325-49EF-BE8C-E871DBC8A40A}
		{A2DAE264-672B-4C9B-9822-F3A6D65E2390} = {F339027A-4003-4658-BB14-5B4858006479}
		{060CA0E1-00F2-43F3-8863-B1B91F3B7B07} = {F339027A-4003-4658-BB14-5B4858006479}
		{E9287036-42E2-448A-8984-D1279EDF8010} = {F339027A-4003-4658-BB14-5B4858006479}
		{07588271-1657-48D6-B1B3-48D57B84712F} = {F339027A-4003-4658-BB14-5B4858006479}
		{789335E3-78BB-441E-AD3A-B559E967CE71} = {F339027A-4003-4658-BB14-5B4858006479}
		{82979E0C-CDFE-4F18-8728-1711DDEA0F21} = {A7042125-F325-49EF-BE8C-E871DBC8A40A}
		{433F9276-EC82-4E58-A4A3-F1920296FA0E} = {F339027A-4003-4658-BB14-5B4858006479}
		{82D62CE7-235C-492F-A06E-4CC272CB62E7} = {9B28BD6E-2AAB-4C13-ADBF-CE82EF3D97C5}
		{8590D9A8-6DBB-43E3-801F-51343AD87C3C} = {F339027A-4003-4658-BB14-5B4858006479}
	EndGlobalSection
	GlobalSection(ExtensibilityGlobals) = postSolution
		SolutionGuid = {61FF5618-94CD-419C-A131-784E969DBFC8}
	EndGlobalSection
EndGlobal
